
Microsoft Visual Studio Solution File, Format Version 12.00
# Visual Studio Version 17
VisualStudioVersion = 17.9.34714.143
MinimumVisualStudioVersion = 10.0.40219.1
Project("{FAE04EC0-301F-11D3-BF4B-00C04F79EFBC}") = "AfvalDashboard.Server", "AfvalDashboard\Server\AfvalDashboard.Server.csproj", "{367CA8DA-7CB3-465B-BD18-049692A10C2A}"
EndProject
Project("{FAE04EC0-301F-11D3-BF4B-00C04F79EFBC}") = "AfvalDashboard.Client", "AfvalDashboard\Client\AfvalDashboard.Client.csproj", "{C62CD773-09AA-4998-AD6E-ED1A23FC813C}"
EndProject
Project("{FAE04EC0-301F-11D3-BF4B-00C04F79EFBC}") = "AfvalDashboard.Shared", "AfvalDashboard\Shared\AfvalDashboard.Shared.csproj", "{BCE969E9-1AB6-4BC7-90F0-4EA665D7014A}"
EndProject
Project("{FAE04EC0-301F-11D3-BF4B-00C04F79EFBC}") = "AfvalDashboard.Tests", "Tests\AfvalDashboard.Tests.csproj", "{BBE13704-9E0A-4016-8334-3E8D10614028}"
EndProject
Global
	GlobalSection(SolutionConfigurationPlatforms) = preSolution
		Debug|Any CPU = Debug|Any CPU
		Release|Any CPU = Release|Any CPU
	EndGlobalSection
	GlobalSection(ProjectConfigurationPlatforms) = postSolution
		{367CA8DA-7CB3-465B-BD18-049692A10C2A}.Debug|Any CPU.ActiveCfg = Debug|Any CPU
		{367CA8DA-7CB3-465B-BD18-049692A10C2A}.Debug|Any CPU.Build.0 = Debug|Any CPU
		{367CA8DA-7CB3-465B-BD18-049692A10C2A}.Release|Any CPU.ActiveCfg = Release|Any CPU
		{367CA8DA-7CB3-465B-BD18-049692A10C2A}.Release|Any CPU.Build.0 = Release|Any CPU
		{C62CD773-09AA-4998-AD6E-ED1A23FC813C}.Debug|Any CPU.ActiveCfg = Debug|Any CPU
		{C62CD773-09AA-4998-AD6E-ED1A23FC813C}.Debug|Any CPU.Build.0 = Debug|Any CPU
		{C62CD773-09AA-4998-AD6E-ED1A23FC813C}.Release|Any CPU.ActiveCfg = Release|Any CPU
		{C62CD773-09AA-4998-AD6E-ED1A23FC813C}.Release|Any CPU.Build.0 = Release|Any CPU
		{BCE969E9-1AB6-4BC7-90F0-4EA665D7014A}.Debug|Any CPU.ActiveCfg = Debug|Any CPU
		{BCE969E9-1AB6-4BC7-90F0-4EA665D7014A}.Debug|Any CPU.Build.0 = Debug|Any CPU
		{BCE969E9-1AB6-4BC7-90F0-4EA665D7014A}.Release|Any CPU.ActiveCfg = Release|Any CPU
		{BCE969E9-1AB6-4BC7-90F0-4EA665D7014A}.Release|Any CPU.Build.0 = Release|Any CPU
		{BBE13704-9E0A-4016-8334-3E8D10614028}.Debug|Any CPU.ActiveCfg = Debug|Any CPU
		{BBE13704-9E0A-4016-8334-3E8D10614028}.Debug|Any CPU.Build.0 = Debug|Any CPU
		{BBE13704-9E0A-4016-8334-3E8D10614028}.Release|Any CPU.ActiveCfg = Release|Any CPU
		{BBE13704-9E0A-4016-8334-3E8D10614028}.Release|Any CPU.Build.0 = Release|Any CPU
	EndGlobalSection
	GlobalSection(SolutionProperties) = preSolution
		HideSolutionNode = FALSE
	EndGlobalSection
	GlobalSection(ExtensibilityGlobals) = postSolution
		SolutionGuid = {4656A563-2F99-4CBB-841B-7072EA263CC4}
	EndGlobalSection
EndGlobal
